// !$*UTF8*$!
{
	archiveVersion = 1;
	classes = {
	};
	objectVersion = 56;
	objects = {

/* Begin PBXBuildFile section */
		9C0936482C0F4CEB001E875E /* HealthSearchApp.swift in Sources */ = {isa = PBXBuildFile; fileRef = 9C0936472C0F4CEB001E875E /* HealthSearchApp.swift */; };
		9C09364C2C0F4CEE001E875E /* Assets.xcassets in Resources */ = {isa = PBXBuildFile; fileRef = 9C09364B2C0F4CEE001E875E /* Assets.xcassets */; };
		9C09364F2C0F4CEE001E875E /* Preview Assets.xcassets in Resources */ = {isa = PBXBuildFile; fileRef = 9C09364E2C0F4CEE001E875E /* Preview Assets.xcassets */; };
		9C0936592C0F4CEE001E875E /* HealthListViewModelImplTests.swift in Sources */ = {isa = PBXBuildFile; fileRef = 9C0936582C0F4CEE001E875E /* HealthListViewModelImplTests.swift */; };
		9C0936962C0F4F95001E875E /* NetworkService.swift in Sources */ = {isa = PBXBuildFile; fileRef = 9C0936952C0F4F95001E875E /* NetworkService.swift */; };
		9C0936982C0F4FEB001E875E /* LocalService.swift in Sources */ = {isa = PBXBuildFile; fileRef = 9C0936972C0F4FEB001E875E /* LocalService.swift */; };
		9C09369A2C0F502C001E875E /* providers.json in Resources */ = {isa = PBXBuildFile; fileRef = 9C0936992C0F502C001E875E /* providers.json */; };
		9C09369D2C0F53B2001E875E /* HealthListView.swift in Sources */ = {isa = PBXBuildFile; fileRef = 9C09369C2C0F53B2001E875E /* HealthListView.swift */; };
		9C09369F2C0F8904001E875E /* ProviderModel.swift in Sources */ = {isa = PBXBuildFile; fileRef = 9C09369E2C0F8904001E875E /* ProviderModel.swift */; };
		9C0936A22C0F899F001E875E /* HealthListViewModel.swift in Sources */ = {isa = PBXBuildFile; fileRef = 9C0936A12C0F899F001E875E /* HealthListViewModel.swift */; };
		9C0936A42C0F89DE001E875E /* HealthListViewModelImpl.swift in Sources */ = {isa = PBXBuildFile; fileRef = 9C0936A32C0F89DE001E875E /* HealthListViewModelImpl.swift */; };
		9C0936A72C0F8ACB001E875E /* NetworkError.swift in Sources */ = {isa = PBXBuildFile; fileRef = 9C0936A62C0F8ACB001E875E /* NetworkError.swift */; };
		9C0936AA2C0F8DBE001E875E /* HealthListViewFactory.swift in Sources */ = {isa = PBXBuildFile; fileRef = 9C0936A92C0F8DBE001E875E /* HealthListViewFactory.swift */; };
		9C9DE3622C0FA1C900BC281D /* Constants.swift in Sources */ = {isa = PBXBuildFile; fileRef = 9C9DE3612C0FA1C900BC281D /* Constants.swift */; };
		9C9DE3652C0FA7D700BC281D /* HealthListViewTests.swift in Sources */ = {isa = PBXBuildFile; fileRef = 9C9DE3642C0FA7D700BC281D /* HealthListViewTests.swift */; };
		9C9DE3672C0FA91500BC281D /* NetworkServiceMock.swift in Sources */ = {isa = PBXBuildFile; fileRef = 9C9DE3662C0FA91500BC281D /* NetworkServiceMock.swift */; };
		9C9DE36B2C10961E00BC281D /* ProviderResponse.swift in Sources */ = {isa = PBXBuildFile; fileRef = 9C9DE36A2C10961E00BC281D /* ProviderResponse.swift */; };
		9C9DE36D2C10964800BC281D /* ProviderResponse+Mapper.swift in Sources */ = {isa = PBXBuildFile; fileRef = 9C9DE36C2C10964800BC281D /* ProviderResponse+Mapper.swift */; };
		9C9DE3712C1098C800BC281D /* HealthListViewModelSpy.swift in Sources */ = {isa = PBXBuildFile; fileRef = 9C9DE3702C1098C800BC281D /* HealthListViewModelSpy.swift */; };
/* End PBXBuildFile section */

/* Begin PBXContainerItemProxy section */
		9C0936552C0F4CEE001E875E /* PBXContainerItemProxy */ = {
			isa = PBXContainerItemProxy;
			containerPortal = 9C09363C2C0F4CEB001E875E /* Project object */;
			proxyType = 1;
			remoteGlobalIDString = 9C0936432C0F4CEB001E875E;
			remoteInfo = HealthSearch;
		};
/* End PBXContainerItemProxy section */

/* Begin PBXCopyFilesBuildPhase section */
		9C09368E2C0F4DAF001E875E /* Embed Frameworks */ = {
			isa = PBXCopyFilesBuildPhase;
			buildActionMask = 2147483647;
			dstPath = "";
			dstSubfolderSpec = 10;
			files = (
			);
			name = "Embed Frameworks";
			runOnlyForDeploymentPostprocessing = 0;
		};
/* End PBXCopyFilesBuildPhase section */

/* Begin PBXFileReference section */
		9C0936442C0F4CEB001E875E /* HealthSearch.app */ = {isa = PBXFileReference; explicitFileType = wrapper.application; includeInIndex = 0; path = HealthSearch.app; sourceTree = BUILT_PRODUCTS_DIR; };
		9C0936472C0F4CEB001E875E /* HealthSearchApp.swift */ = {isa = PBXFileReference; lastKnownFileType = sourcecode.swift; path = HealthSearchApp.swift; sourceTree = "<group>"; };
		9C09364B2C0F4CEE001E875E /* Assets.xcassets */ = {isa = PBXFileReference; lastKnownFileType = folder.assetcatalog; path = Assets.xcassets; sourceTree = "<group>"; };
		9C09364E2C0F4CEE001E875E /* Preview Assets.xcassets */ = {isa = PBXFileReference; lastKnownFileType = folder.assetcatalog; path = "Preview Assets.xcassets"; sourceTree = "<group>"; };
		9C0936542C0F4CEE001E875E /* HealthSearchTests.xctest */ = {isa = PBXFileReference; explicitFileType = wrapper.cfbundle; includeInIndex = 0; path = HealthSearchTests.xctest; sourceTree = BUILT_PRODUCTS_DIR; };
		9C0936582C0F4CEE001E875E /* HealthListViewModelImplTests.swift */ = {isa = PBXFileReference; lastKnownFileType = sourcecode.swift; path = HealthListViewModelImplTests.swift; sourceTree = "<group>"; };
		9C0936952C0F4F95001E875E /* NetworkService.swift */ = {isa = PBXFileReference; lastKnownFileType = sourcecode.swift; path = NetworkService.swift; sourceTree = "<group>"; };
		9C0936972C0F4FEB001E875E /* LocalService.swift */ = {isa = PBXFileReference; lastKnownFileType = sourcecode.swift; path = LocalService.swift; sourceTree = "<group>"; };
		9C0936992C0F502C001E875E /* providers.json */ = {isa = PBXFileReference; lastKnownFileType = text.json; path = providers.json; sourceTree = "<group>"; };
		9C09369C2C0F53B2001E875E /* HealthListView.swift */ = {isa = PBXFileReference; lastKnownFileType = sourcecode.swift; path = HealthListView.swift; sourceTree = "<group>"; };
		9C09369E2C0F8904001E875E /* ProviderModel.swift */ = {isa = PBXFileReference; lastKnownFileType = sourcecode.swift; path = ProviderModel.swift; sourceTree = "<group>"; };
		9C0936A12C0F899F001E875E /* HealthListViewModel.swift */ = {isa = PBXFileReference; lastKnownFileType = sourcecode.swift; path = HealthListViewModel.swift; sourceTree = "<group>"; };
		9C0936A32C0F89DE001E875E /* HealthListViewModelImpl.swift */ = {isa = PBXFileReference; lastKnownFileType = sourcecode.swift; path = HealthListViewModelImpl.swift; sourceTree = "<group>"; };
		9C0936A62C0F8ACB001E875E /* NetworkError.swift */ = {isa = PBXFileReference; lastKnownFileType = sourcecode.swift; path = NetworkError.swift; sourceTree = "<group>"; };
		9C0936A92C0F8DBE001E875E /* HealthListViewFactory.swift */ = {isa = PBXFileReference; lastKnownFileType = sourcecode.swift; path = HealthListViewFactory.swift; sourceTree = "<group>"; };
		9C9DE3612C0FA1C900BC281D /* Constants.swift */ = {isa = PBXFileReference; lastKnownFileType = sourcecode.swift; path = Constants.swift; sourceTree = "<group>"; };
		9C9DE3642C0FA7D700BC281D /* HealthListViewTests.swift */ = {isa = PBXFileReference; lastKnownFileType = sourcecode.swift; path = HealthListViewTests.swift; sourceTree = "<group>"; };
		9C9DE3662C0FA91500BC281D /* NetworkServiceMock.swift */ = {isa = PBXFileReference; lastKnownFileType = sourcecode.swift; path = NetworkServiceMock.swift; sourceTree = "<group>"; };
		9C9DE36A2C10961E00BC281D /* ProviderResponse.swift */ = {isa = PBXFileReference; lastKnownFileType = sourcecode.swift; path = ProviderResponse.swift; sourceTree = "<group>"; };
		9C9DE36C2C10964800BC281D /* ProviderResponse+Mapper.swift */ = {isa = PBXFileReference; lastKnownFileType = sourcecode.swift; path = "ProviderResponse+Mapper.swift"; sourceTree = "<group>"; };
		9C9DE3702C1098C800BC281D /* HealthListViewModelSpy.swift */ = {isa = PBXFileReference; lastKnownFileType = sourcecode.swift; path = HealthListViewModelSpy.swift; sourceTree = "<group>"; };
		9CB0A38C2C11FFDE0097DD12 /* HealthSearch.xctestplan */ = {isa = PBXFileReference; lastKnownFileType = text; path = HealthSearch.xctestplan; sourceTree = "<group>"; };
/* End PBXFileReference section */

/* Begin PBXFrameworksBuildPhase section */
		9C0936412C0F4CEB001E875E /* Frameworks */ = {
			isa = PBXFrameworksBuildPhase;
			buildActionMask = 2147483647;
			files = (
			);
			runOnlyForDeploymentPostprocessing = 0;
		};
		9C0936512C0F4CEE001E875E /* Frameworks */ = {
			isa = PBXFrameworksBuildPhase;
			buildActionMask = 2147483647;
			files = (
			);
			runOnlyForDeploymentPostprocessing = 0;
		};
/* End PBXFrameworksBuildPhase section */

/* Begin PBXGroup section */
		9C09363B2C0F4CEB001E875E = {
			isa = PBXGroup;
			children = (
				9CB0A38C2C11FFDE0097DD12 /* HealthSearch.xctestplan */,
				9C0936462C0F4CEB001E875E /* HealthSearch */,
				9C0936572C0F4CEE001E875E /* HealthSearchTests */,
				9C0936452C0F4CEB001E875E /* Products */,
			);
			sourceTree = "<group>";
		};
		9C0936452C0F4CEB001E875E /* Products */ = {
			isa = PBXGroup;
			children = (
				9C0936442C0F4CEB001E875E /* HealthSearch.app */,
				9C0936542C0F4CEE001E875E /* HealthSearchTests.xctest */,
			);
			name = Products;
			sourceTree = "<group>";
		};
		9C0936462C0F4CEB001E875E /* HealthSearch */ = {
			isa = PBXGroup;
			children = (
				9C0936942C0F4F7C001E875E /* Data */,
				9C9DE3682C10933200BC281D /* Domain */,
				9C09369B2C0F536D001E875E /* Presentation */,
				9C0936A82C0F8D76001E875E /* Factories */,
				9C0936A52C0F8AAF001E875E /* Helpers */,
				9C0936472C0F4CEB001E875E /* HealthSearchApp.swift */,
				9C09364B2C0F4CEE001E875E /* Assets.xcassets */,
				9C09364D2C0F4CEE001E875E /* Preview Content */,
			);
			path = HealthSearch;
			sourceTree = "<group>";
		};
		9C09364D2C0F4CEE001E875E /* Preview Content */ = {
			isa = PBXGroup;
			children = (
				9C09364E2C0F4CEE001E875E /* Preview Assets.xcassets */,
			);
			path = "Preview Content";
			sourceTree = "<group>";
		};
		9C0936572C0F4CEE001E875E /* HealthSearchTests */ = {
			isa = PBXGroup;
			children = (
				9C9DE3632C0FA4A600BC281D /* Mocks */,
				9C0936582C0F4CEE001E875E /* HealthListViewModelImplTests.swift */,
				9C9DE3642C0FA7D700BC281D /* HealthListViewTests.swift */,
			);
			path = HealthSearchTests;
			sourceTree = "<group>";
		};
		9C0936942C0F4F7C001E875E /* Data */ = {
			isa = PBXGroup;
			children = (
				9C0936972C0F4FEB001E875E /* LocalService.swift */,
				9C0936992C0F502C001E875E /* providers.json */,
				9C9DE36F2C10968700BC281D /* DataMapping */,
			);
			path = Data;
			sourceTree = "<group>";
		};
		9C09369B2C0F536D001E875E /* Presentation */ = {
			isa = PBXGroup;
			children = (
				9C0936A02C0F8969001E875E /* HeathListScene */,
			);
			path = Presentation;
			sourceTree = "<group>";
		};
		9C0936A02C0F8969001E875E /* HeathListScene */ = {
			isa = PBXGroup;
			children = (
				9C9DE3692C10938200BC281D /* ViewModel */,
				9C09369C2C0F53B2001E875E /* HealthListView.swift */,
			);
			path = HeathListScene;
			sourceTree = "<group>";
		};
		9C0936A52C0F8AAF001E875E /* Helpers */ = {
			isa = PBXGroup;
			children = (
				9C0936A62C0F8ACB001E875E /* NetworkError.swift */,
				9C9DE3612C0FA1C900BC281D /* Constants.swift */,
			);
			path = Helpers;
			sourceTree = "<group>";
		};
		9C0936A82C0F8D76001E875E /* Factories */ = {
			isa = PBXGroup;
			children = (
				9C0936A92C0F8DBE001E875E /* HealthListViewFactory.swift */,
			);
			path = Factories;
			sourceTree = "<group>";
		};
		9C9DE35F2C0FA12A00BC281D /* Interfaces */ = {
			isa = PBXGroup;
			children = (
				9C0936952C0F4F95001E875E /* NetworkService.swift */,
			);
			path = Interfaces;
			sourceTree = "<group>";
		};
		9C9DE3602C0FA13800BC281D /* Interfaces */ = {
			isa = PBXGroup;
			children = (
				9C0936A12C0F899F001E875E /* HealthListViewModel.swift */,
			);
			path = Interfaces;
			sourceTree = "<group>";
		};
		9C9DE3632C0FA4A600BC281D /* Mocks */ = {
			isa = PBXGroup;
			children = (
				9C9DE3662C0FA91500BC281D /* NetworkServiceMock.swift */,
				9C9DE3702C1098C800BC281D /* HealthListViewModelSpy.swift */,
			);
			path = Mocks;
			sourceTree = "<group>";
		};
		9C9DE3682C10933200BC281D /* Domain */ = {
			isa = PBXGroup;
			children = (
				9C9DE36E2C10967B00BC281D /* Entities */,
				9C9DE35F2C0FA12A00BC281D /* Interfaces */,
			);
			path = Domain;
			sourceTree = "<group>";
		};
		9C9DE3692C10938200BC281D /* ViewModel */ = {
			isa = PBXGroup;
			children = (
				9C9DE3602C0FA13800BC281D /* Interfaces */,
				9C0936A32C0F89DE001E875E /* HealthListViewModelImpl.swift */,
			);
			path = ViewModel;
			sourceTree = "<group>";
		};
		9C9DE36E2C10967B00BC281D /* Entities */ = {
			isa = PBXGroup;
			children = (
				9C09369E2C0F8904001E875E /* ProviderModel.swift */,
			);
			path = Entities;
			sourceTree = "<group>";
		};
		9C9DE36F2C10968700BC281D /* DataMapping */ = {
			isa = PBXGroup;
			children = (
				9C9DE36A2C10961E00BC281D /* ProviderResponse.swift */,
				9C9DE36C2C10964800BC281D /* ProviderResponse+Mapper.swift */,
			);
			path = DataMapping;
			sourceTree = "<group>";
		};
/* End PBXGroup section */

/* Begin PBXNativeTarget section */
		9C0936432C0F4CEB001E875E /* HealthSearch */ = {
			isa = PBXNativeTarget;
			buildConfigurationList = 9C0936682C0F4CEE001E875E /* Build configuration list for PBXNativeTarget "HealthSearch" */;
			buildPhases = (
				9C0936402C0F4CEB001E875E /* Sources */,
				9C0936412C0F4CEB001E875E /* Frameworks */,
				9C0936422C0F4CEB001E875E /* Resources */,
				9C09368E2C0F4DAF001E875E /* Embed Frameworks */,
			);
			buildRules = (
			);
			dependencies = (
			);
			name = HealthSearch;
			productName = HealthSearch;
			productReference = 9C0936442C0F4CEB001E875E /* HealthSearch.app */;
			productType = "com.apple.product-type.application";
		};
		9C0936532C0F4CEE001E875E /* HealthSearchTests */ = {
			isa = PBXNativeTarget;
			buildConfigurationList = 9C09366B2C0F4CEE001E875E /* Build configuration list for PBXNativeTarget "HealthSearchTests" */;
			buildPhases = (
				9C0936502C0F4CEE001E875E /* Sources */,
				9C0936512C0F4CEE001E875E /* Frameworks */,
				9C0936522C0F4CEE001E875E /* Resources */,
			);
			buildRules = (
			);
			dependencies = (
				9C0936562C0F4CEE001E875E /* PBXTargetDependency */,
			);
			name = HealthSearchTests;
			productName = HealthSearchTests;
			productReference = 9C0936542C0F4CEE001E875E /* HealthSearchTests.xctest */;
			productType = "com.apple.product-type.bundle.unit-test";
		};
/* End PBXNativeTarget section */

/* Begin PBXProject section */
		9C09363C2C0F4CEB001E875E /* Project object */ = {
			isa = PBXProject;
			attributes = {
				BuildIndependentTargetsInParallel = 1;
				LastSwiftUpdateCheck = 1540;
				LastUpgradeCheck = 1540;
				TargetAttributes = {
					9C0936432C0F4CEB001E875E = {
						CreatedOnToolsVersion = 15.4;
					};
					9C0936532C0F4CEE001E875E = {
						CreatedOnToolsVersion = 15.4;
						TestTargetID = 9C0936432C0F4CEB001E875E;
					};
				};
			};
			buildConfigurationList = 9C09363F2C0F4CEB001E875E /* Build configuration list for PBXProject "HealthSearch" */;
			compatibilityVersion = "Xcode 14.0";
			developmentRegion = en;
			hasScannedForEncodings = 0;
			knownRegions = (
				en,
				Base,
			);
			mainGroup = 9C09363B2C0F4CEB001E875E;
			productRefGroup = 9C0936452C0F4CEB001E875E /* Products */;
			projectDirPath = "";
			projectRoot = "";
			targets = (
				9C0936432C0F4CEB001E875E /* HealthSearch */,
				9C0936532C0F4CEE001E875E /* HealthSearchTests */,
			);
		};
/* End PBXProject section */

/* Begin PBXResourcesBuildPhase section */
		9C0936422C0F4CEB001E875E /* Resources */ = {
			isa = PBXResourcesBuildPhase;
			buildActionMask = 2147483647;
			files = (
				9C09364F2C0F4CEE001E875E /* Preview Assets.xcassets in Resources */,
				9C09369A2C0F502C001E875E /* providers.json in Resources */,
				9C09364C2C0F4CEE001E875E /* Assets.xcassets in Resources */,
			);
			runOnlyForDeploymentPostprocessing = 0;
		};
		9C0936522C0F4CEE001E875E /* Resources */ = {
			isa = PBXResourcesBuildPhase;
			buildActionMask = 2147483647;
			files = (
			);
			runOnlyForDeploymentPostprocessing = 0;
		};
/* End PBXResourcesBuildPhase section */

/* Begin PBXSourcesBuildPhase section */
		9C0936402C0F4CEB001E875E /* Sources */ = {
			isa = PBXSourcesBuildPhase;
			buildActionMask = 2147483647;
			files = (
				9C0936A72C0F8ACB001E875E /* NetworkError.swift in Sources */,
				9C09369F2C0F8904001E875E /* ProviderModel.swift in Sources */,
				9C09369D2C0F53B2001E875E /* HealthListView.swift in Sources */,
				9C0936AA2C0F8DBE001E875E /* HealthListViewFactory.swift in Sources */,
				9C0936A22C0F899F001E875E /* HealthListViewModel.swift in Sources */,
				9C9DE36B2C10961E00BC281D /* ProviderResponse.swift in Sources */,
				9C9DE3622C0FA1C900BC281D /* Constants.swift in Sources */,
				9C0936A42C0F89DE001E875E /* HealthListViewModelImpl.swift in Sources */,
				9C0936982C0F4FEB001E875E /* LocalService.swift in Sources */,
				9C0936962C0F4F95001E875E /* NetworkService.swift in Sources */,
				9C9DE36D2C10964800BC281D /* ProviderResponse+Mapper.swift in Sources */,
				9C0936482C0F4CEB001E875E /* HealthSearchApp.swift in Sources */,
			);
			runOnlyForDeploymentPostprocessing = 0;
		};
		9C0936502C0F4CEE001E875E /* Sources */ = {
			isa = PBXSourcesBuildPhase;
			buildActionMask = 2147483647;
			files = (
				9C9DE3652C0FA7D700BC281D /* HealthListViewTests.swift in Sources */,
				9C9DE3712C1098C800BC281D /* HealthListViewModelSpy.swift in Sources */,
				9C0936592C0F4CEE001E875E /* HealthListViewModelImplTests.swift in Sources */,
				9C9DE3672C0FA91500BC281D /* NetworkServiceMock.swift in Sources */,
			);
			runOnlyForDeploymentPostprocessing = 0;
		};
/* End PBXSourcesBuildPhase section */

/* Begin PBXTargetDependency section */
		9C0936562C0F4CEE001E875E /* PBXTargetDependency */ = {
			isa = PBXTargetDependency;
			target = 9C0936432C0F4CEB001E875E /* HealthSearch */;
			targetProxy = 9C0936552C0F4CEE001E875E /* PBXContainerItemProxy */;
		};
/* End PBXTargetDependency section */

/* Begin XCBuildConfiguration section */
		9C0936662C0F4CEE001E875E /* Debug */ = {
			isa = XCBuildConfiguration;
			buildSettings = {
				ALWAYS_SEARCH_USER_PATHS = NO;
				ASSETCATALOG_COMPILER_GENERATE_SWIFT_ASSET_SYMBOL_EXTENSIONS = YES;
				CLANG_ANALYZER_NONNULL = YES;
				CLANG_ANALYZER_NUMBER_OBJECT_CONVERSION = YES_AGGRESSIVE;
				CLANG_CXX_LANGUAGE_STANDARD = "gnu++20";
				CLANG_ENABLE_MODULES = YES;
				CLANG_ENABLE_OBJC_ARC = YES;
				CLANG_ENABLE_OBJC_WEAK = YES;
				CLANG_WARN_BLOCK_CAPTURE_AUTORELEASING = YES;
				CLANG_WARN_BOOL_CONVERSION = YES;
				CLANG_WARN_COMMA = YES;
				CLANG_WARN_CONSTANT_CONVERSION = YES;
				CLANG_WARN_DEPRECATED_OBJC_IMPLEMENTATIONS = YES;
				CLANG_WARN_DIRECT_OBJC_ISA_USAGE = YES_ERROR;
				CLANG_WARN_DOCUMENTATION_COMMENTS = YES;
				CLANG_WARN_EMPTY_BODY = YES;
				CLANG_WARN_ENUM_CONVERSION = YES;
				CLANG_WARN_INFINITE_RECURSION = YES;
				CLANG_WARN_INT_CONVERSION = YES;
				CLANG_WARN_NON_LITERAL_NULL_CONVERSION = YES;
				CLANG_WARN_OBJC_IMPLICIT_RETAIN_SELF = YES;
				CLANG_WARN_OBJC_LITERAL_CONVERSION = YES;
				CLANG_WARN_OBJC_ROOT_CLASS = YES_ERROR;
				CLANG_WARN_QUOTED_INCLUDE_IN_FRAMEWORK_HEADER = YES;
				CLANG_WARN_RANGE_LOOP_ANALYSIS = YES;
				CLANG_WARN_STRICT_PROTOTYPES = YES;
				CLANG_WARN_SUSPICIOUS_MOVE = YES;
				CLANG_WARN_UNGUARDED_AVAILABILITY = YES_AGGRESSIVE;
				CLANG_WARN_UNREACHABLE_CODE = YES;
				CLANG_WARN__DUPLICATE_METHOD_MATCH = YES;
				COPY_PHASE_STRIP = NO;
				DEBUG_INFORMATION_FORMAT = dwarf;
				ENABLE_STRICT_OBJC_MSGSEND = YES;
				ENABLE_TESTABILITY = YES;
				ENABLE_USER_SCRIPT_SANDBOXING = YES;
				GCC_C_LANGUAGE_STANDARD = gnu17;
				GCC_DYNAMIC_NO_PIC = NO;
				GCC_NO_COMMON_BLOCKS = YES;
				GCC_OPTIMIZATION_LEVEL = 0;
				GCC_PREPROCESSOR_DEFINITIONS = (
					"DEBUG=1",
					"$(inherited)",
				);
				GCC_WARN_64_TO_32_BIT_CONVERSION = YES;
				GCC_WARN_ABOUT_RETURN_TYPE = YES_ERROR;
				GCC_WARN_UNDECLARED_SELECTOR = YES;
				GCC_WARN_UNINITIALIZED_AUTOS = YES_AGGRESSIVE;
				GCC_WARN_UNUSED_FUNCTION = YES;
				GCC_WARN_UNUSED_VARIABLE = YES;
				IPHONEOS_DEPLOYMENT_TARGET = 17.5;
				LOCALIZATION_PREFERS_STRING_CATALOGS = YES;
				MTL_ENABLE_DEBUG_INFO = INCLUDE_SOURCE;
				MTL_FAST_MATH = YES;
				ONLY_ACTIVE_ARCH = YES;
				SDKROOT = iphoneos;
				SWIFT_ACTIVE_COMPILATION_CONDITIONS = "DEBUG $(inherited)";
				SWIFT_OPTIMIZATION_LEVEL = "-Onone";
			};
			name = Debug;
		};
		9C0936672C0F4CEE001E875E /* Release */ = {
			isa = XCBuildConfiguration;
			buildSettings = {
				ALWAYS_SEARCH_USER_PATHS = NO;
				ASSETCATALOG_COMPILER_GENERATE_SWIFT_ASSET_SYMBOL_EXTENSIONS = YES;
				CLANG_ANALYZER_NONNULL = YES;
				CLANG_ANALYZER_NUMBER_OBJECT_CONVERSION = YES_AGGRESSIVE;
				CLANG_CXX_LANGUAGE_STANDARD = "gnu++20";
				CLANG_ENABLE_MODULES = YES;
				CLANG_ENABLE_OBJC_ARC = YES;
				CLANG_ENABLE_OBJC_WEAK = YES;
				CLANG_WARN_BLOCK_CAPTURE_AUTORELEASING = YES;
				CLANG_WARN_BOOL_CONVERSION = YES;
				CLANG_WARN_COMMA = YES;
				CLANG_WARN_CONSTANT_CONVERSION = YES;
				CLANG_WARN_DEPRECATED_OBJC_IMPLEMENTATIONS = YES;
				CLANG_WARN_DIRECT_OBJC_ISA_USAGE = YES_ERROR;
				CLANG_WARN_DOCUMENTATION_COMMENTS = YES;
				CLANG_WARN_EMPTY_BODY = YES;
				CLANG_WARN_ENUM_CONVERSION = YES;
				CLANG_WARN_INFINITE_RECURSION = YES;
				CLANG_WARN_INT_CONVERSION = YES;
				CLANG_WARN_NON_LITERAL_NULL_CONVERSION = YES;
				CLANG_WARN_OBJC_IMPLICIT_RETAIN_SELF = YES;
				CLANG_WARN_OBJC_LITERAL_CONVERSION = YES;
				CLANG_WARN_OBJC_ROOT_CLASS = YES_ERROR;
				CLANG_WARN_QUOTED_INCLUDE_IN_FRAMEWORK_HEADER = YES;
				CLANG_WARN_RANGE_LOOP_ANALYSIS = YES;
				CLANG_WARN_STRICT_PROTOTYPES = YES;
				CLANG_WARN_SUSPICIOUS_MOVE = YES;
				CLANG_WARN_UNGUARDED_AVAILABILITY = YES_AGGRESSIVE;
				CLANG_WARN_UNREACHABLE_CODE = YES;
				CLANG_WARN__DUPLICATE_METHOD_MATCH = YES;
				COPY_PHASE_STRIP = NO;
				DEBUG_INFORMATION_FORMAT = "dwarf-with-dsym";
				ENABLE_NS_ASSERTIONS = NO;
				ENABLE_STRICT_OBJC_MSGSEND = YES;
				ENABLE_USER_SCRIPT_SANDBOXING = YES;
				GCC_C_LANGUAGE_STANDARD = gnu17;
				GCC_NO_COMMON_BLOCKS = YES;
				GCC_WARN_64_TO_32_BIT_CONVERSION = YES;
				GCC_WARN_ABOUT_RETURN_TYPE = YES_ERROR;
				GCC_WARN_UNDECLARED_SELECTOR = YES;
				GCC_WARN_UNINITIALIZED_AUTOS = YES_AGGRESSIVE;
				GCC_WARN_UNUSED_FUNCTION = YES;
				GCC_WARN_UNUSED_VARIABLE = YES;
				IPHONEOS_DEPLOYMENT_TARGET = 17.5;
				LOCALIZATION_PREFERS_STRING_CATALOGS = YES;
				MTL_ENABLE_DEBUG_INFO = NO;
				MTL_FAST_MATH = YES;
				SDKROOT = iphoneos;
				SWIFT_COMPILATION_MODE = wholemodule;
				VALIDATE_PRODUCT = YES;
			};
			name = Release;
		};
		9C0936692C0F4CEE001E875E /* Debug */ = {
			isa = XCBuildConfiguration;
			buildSettings = {
				ASSETCATALOG_COMPILER_APPICON_NAME = AppIcon;
				ASSETCATALOG_COMPILER_GLOBAL_ACCENT_COLOR_NAME = AccentColor;
				CODE_SIGN_STYLE = Automatic;
				CURRENT_PROJECT_VERSION = 1;
				DEVELOPMENT_ASSET_PATHS = "\"HealthSearch/Preview Content\"";
				DEVELOPMENT_TEAM = 5A8822F6XB;
				ENABLE_PREVIEWS = YES;
				GENERATE_INFOPLIST_FILE = YES;
				INFOPLIST_KEY_UIApplicationSceneManifest_Generation = YES;
				INFOPLIST_KEY_UIApplicationSupportsIndirectInputEvents = YES;
				INFOPLIST_KEY_UILaunchScreen_Generation = YES;
				INFOPLIST_KEY_UISupportedInterfaceOrientations_iPad = "UIInterfaceOrientationPortrait UIInterfaceOrientationPortraitUpsideDown UIInterfaceOrientationLandscapeLeft UIInterfaceOrientationLandscapeRight";
				INFOPLIST_KEY_UISupportedInterfaceOrientations_iPhone = "UIInterfaceOrientationPortrait UIInterfaceOrientationLandscapeLeft UIInterfaceOrientationLandscapeRight";
				LD_RUNPATH_SEARCH_PATHS = (
					"$(inherited)",
					"@executable_path/Frameworks",
				);
				MARKETING_VERSION = 1.0;
				PRODUCT_BUNDLE_IDENTIFIER = com.vitor.pires.HealthSearch;
				PRODUCT_NAME = "$(TARGET_NAME)";
				SWIFT_EMIT_LOC_STRINGS = YES;
				SWIFT_VERSION = 5.0;
				TARGETED_DEVICE_FAMILY = "1,2";
			};
			name = Debug;
		};
		9C09366A2C0F4CEE001E875E /* Release */ = {
			isa = XCBuildConfiguration;
			buildSettings = {
				ASSETCATALOG_COMPILER_APPICON_NAME = AppIcon;
				ASSETCATALOG_COMPILER_GLOBAL_ACCENT_COLOR_NAME = AccentColor;
				CODE_SIGN_STYLE = Automatic;
				CURRENT_PROJECT_VERSION = 1;
				DEVELOPMENT_ASSET_PATHS = "\"HealthSearch/Preview Content\"";
				DEVELOPMENT_TEAM = 5A8822F6XB;
				ENABLE_PREVIEWS = YES;
				GENERATE_INFOPLIST_FILE = YES;
				INFOPLIST_KEY_UIApplicationSceneManifest_Generation = YES;
				INFOPLIST_KEY_UIApplicationSupportsIndirectInputEvents = YES;
				INFOPLIST_KEY_UILaunchScreen_Generation = YES;
				INFOPLIST_KEY_UISupportedInterfaceOrientations_iPad = "UIInterfaceOrientationPortrait UIInterfaceOrientationPortraitUpsideDown UIInterfaceOrientationLandscapeLeft UIInterfaceOrientationLandscapeRight";
				INFOPLIST_KEY_UISupportedInterfaceOrientations_iPhone = "UIInterfaceOrientationPortrait UIInterfaceOrientationLandscapeLeft UIInterfaceOrientationLandscapeRight";
				LD_RUNPATH_SEARCH_PATHS = (
					"$(inherited)",
					"@executable_path/Frameworks",
				);
				MARKETING_VERSION = 1.0;
				PRODUCT_BUNDLE_IDENTIFIER = com.vitor.pires.HealthSearch;
				PRODUCT_NAME = "$(TARGET_NAME)";
				SWIFT_EMIT_LOC_STRINGS = YES;
				SWIFT_VERSION = 5.0;
				TARGETED_DEVICE_FAMILY = "1,2";
			};
			name = Release;
		};
		9C09366C2C0F4CEE001E875E /* Debug */ = {
			isa = XCBuildConfiguration;
			buildSettings = {
				ALWAYS_EMBED_SWIFT_STANDARD_LIBRARIES = YES;
				BUNDLE_LOADER = "$(TEST_HOST)";
				CODE_SIGN_STYLE = Automatic;
				CURRENT_PROJECT_VERSION = 1;
				DEVELOPMENT_TEAM = 5A8822F6XB;
				GENERATE_INFOPLIST_FILE = YES;
				IPHONEOS_DEPLOYMENT_TARGET = 17.5;
				MARKETING_VERSION = 1.0;
				PRODUCT_BUNDLE_IDENTIFIER = com.vitor.pires.HealthSearchTests;
				PRODUCT_NAME = "$(TARGET_NAME)";
				SWIFT_EMIT_LOC_STRINGS = NO;
				SWIFT_VERSION = 5.0;
				TARGETED_DEVICE_FAMILY = "1,2";
				TEST_HOST = "$(BUILT_PRODUCTS_DIR)/HealthSearch.app/$(BUNDLE_EXECUTABLE_FOLDER_PATH)/HealthSearch";
			};
			name = Debug;
		};
		9C09366D2C0F4CEE001E875E /* Release */ = {
			isa = XCBuildConfiguration;
			buildSettings = {
				ALWAYS_EMBED_SWIFT_STANDARD_LIBRARIES = YES;
				BUNDLE_LOADER = "$(TEST_HOST)";
				CODE_SIGN_STYLE = Automatic;
				CURRENT_PROJECT_VERSION = 1;
				DEVELOPMENT_TEAM = 5A8822F6XB;
				GENERATE_INFOPLIST_FILE = YES;
				IPHONEOS_DEPLOYMENT_TARGET = 17.5;
				MARKETING_VERSION = 1.0;
				PRODUCT_BUNDLE_IDENTIFIER = com.vitor.pires.HealthSearchTests;
				PRODUCT_NAME = "$(TARGET_NAME)";
				SWIFT_EMIT_LOC_STRINGS = NO;
				SWIFT_VERSION = 5.0;
				TARGETED_DEVICE_FAMILY = "1,2";
				TEST_HOST = "$(BUILT_PRODUCTS_DIR)/HealthSearch.app/$(BUNDLE_EXECUTABLE_FOLDER_PATH)/HealthSearch";
			};
			name = Release;
		};
/* End XCBuildConfiguration section */

/* Begin XCConfigurationList section */
		9C09363F2C0F4CEB001E875E /* Build configuration list for PBXProject "HealthSearch" */ = {
			isa = XCConfigurationList;
			buildConfigurations = (
				9C0936662C0F4CEE001E875E /* Debug */,
				9C0936672C0F4CEE001E875E /* Release */,
			);
			defaultConfigurationIsVisible = 0;
			defaultConfigurationName = Release;
		};
		9C0936682C0F4CEE001E875E /* Build configuration list for PBXNativeTarget "HealthSearch" */ = {
			isa = XCConfigurationList;
			buildConfigurations = (
				9C0936692C0F4CEE001E875E /* Debug */,
				9C09366A2C0F4CEE001E875E /* Release */,
			);
			defaultConfigurationIsVisible = 0;
			defaultConfigurationName = Release;
		};
		9C09366B2C0F4CEE001E875E /* Build configuration list for PBXNativeTarget "HealthSearchTests" */ = {
			isa = XCConfigurationList;
			buildConfigurations = (
				9C09366C2C0F4CEE001E875E /* Debug */,
				9C09366D2C0F4CEE001E875E /* Release */,
			);
			defaultConfigurationIsVisible = 0;
			defaultConfigurationName = Release;
		};
/* End XCConfigurationList section */
	};
	rootObject = 9C09363C2C0F4CEB001E875E /* Project object */;
}
